
Microsoft Visual Studio Solution File, Format Version 12.00
# Visual Studio 14
VisualStudioVersion = 14.0.25420.1
MinimumVisualStudioVersion = 10.0.40219.1
Project("{FAE04EC0-301F-11D3-BF4B-00C04F79EFBC}") = "Projeto Final", "Projeto Final\Projeto Final.csproj", "{C94A0330-970F-40B3-AADF-E0025431B20E}"
EndProject
Project("{54435603-DBB4-11D2-8724-00A0C9A8B90C}") = "PlataformaTestes", "PlataformaTestes\PlataformaTestes.vdproj", "{5F0E0436-4B8E-4C26-B91B-850D6B83F2D8}"
EndProject
Global
	GlobalSection(SolutionConfigurationPlatforms) = preSolution
		Debug|Any CPU = Debug|Any CPU
		Release|Any CPU = Release|Any CPU
	EndGlobalSection
	GlobalSection(ProjectConfigurationPlatforms) = postSolution
		{C94A0330-970F-40B3-AADF-E0025431B20E}.Debug|Any CPU.ActiveCfg = Debug|Any CPU
		{C94A0330-970F-40B3-AADF-E0025431B20E}.Debug|Any CPU.Build.0 = Debug|Any CPU
		{C94A0330-970F-40B3-AADF-E0025431B20E}.Release|Any CPU.ActiveCfg = Release|Any CPU
		{C94A0330-970F-40B3-AADF-E0025431B20E}.Release|Any CPU.Build.0 = Release|Any CPU
		{5F0E0436-4B8E-4C26-B91B-850D6B83F2D8}.Debug|Any CPU.ActiveCfg = Debug
		{5F0E0436-4B8E-4C26-B91B-850D6B83F2D8}.Release|Any CPU.ActiveCfg = Release
	EndGlobalSection
	GlobalSection(SolutionProperties) = preSolution
		HideSolutionNode = FALSE
	EndGlobalSection
EndGlobal
